lockfileVersion: '9.0'

settings:
  autoInstallPeers: true
  excludeLinksFromLockfile: false

importers:

  .:
    dependencies:
      '@hono/node-server':
        specifier: ^1.19.7
        version: 1.19.7(hono@4.10.8)
      hono:
        specifier: ^4.10.8
        version: 4.10.8

packages:

  '@hono/node-server@1.19.7':
    resolution: {integrity: sha512-vUcD0uauS7EU2caukW8z5lJKtoGMokxNbJtBiwHgpqxEXokaHCBkQUmCHhjFB1VUTWdqj25QoMkMKzgjq+uhrw==}
    engines: {node: '>=18.14.1'}
    peerDependencies:
      hono: ^4

  hono@4.10.8:
    resolution: {integrity: sha512-DDT0A0r6wzhe8zCGoYOmMeuGu3dyTAE40HHjwUsWFTEy5WxK1x2WDSsBPlEXgPbRIFY6miDualuUDbasPogIww==}
    engines: {node: '>=16.9.0'}

snapshots:

  '@hono/node-server@1.19.7(hono@4.10.8)':
    dependencies:
      hono: 4.10.8

  hono@4.10.8: {}
